
Microsoft Visual Studio Solution File, Format Version 12.00
# Visual Studio Version 17
VisualStudioVersion = 17.1.32328.378
MinimumVisualStudioVersion = 10.0.40219.1
Project("{FAE04EC0-301F-11D3-BF4B-00C04F79EFBC}") = "Vending2022", "Vending2022.csproj", "{271A4B8A-B64C-4EBF-80F1-A6C02F90A0D9}"
EndProject
Global
	GlobalSection(SolutionConfigurationPlatforms) = preSolution
		Debug|Any CPU = Debug|Any CPU
		Release|Any CPU = Release|Any CPU
	EndGlobalSection
	GlobalSection(ProjectConfigurationPlatforms) = postSolution
		{271A4B8A-B64C-4EBF-80F1-A6C02F90A0D9}.Debug|Any CPU.ActiveCfg = Debug|Any CPU
		{271A4B8A-B64C-4EBF-80F1-A6C02F90A0D9}.Debug|Any CPU.Build.0 = Debug|Any CPU
		{271A4B8A-B64C-4EBF-80F1-A6C02F90A0D9}.Release|Any CPU.ActiveCfg = Release|Any CPU
		{271A4B8A-B64C-4EBF-80F1-A6C02F90A0D9}.Release|Any CPU.Build.0 = Release|Any CPU
	EndGlobalSection
	GlobalSection(SolutionProperties) = preSolution
		HideSolutionNode = FALSE
	EndGlobalSection
	GlobalSection(ExtensibilityGlobals) = postSolution
		SolutionGuid = {4045F704-B8F3-49C2-8E5F-6E7CB6F65B3F}
	EndGlobalSection
EndGlobal
